<?xml version="1.0" encoding="utf-8"?>
<Project ToolsVersion="4.0" xmlns="http://schemas.microsoft.com/developer/msbuild/2003">
  <ItemGroup>
    <Filter Include="File di origine">
      <UniqueIdentifier>{4FC737F1-C7A5-4376-A066-2A32D752A2FF}</UniqueIdentifier>
      <Extensions>cpp;c;cc;cxx;def;odl;idl;hpj;bat;asm;asmx</Extensions>
    </Filter>
    <Filter Include="File di intestazione">
      <UniqueIdentifier>{93995380-89BD-4b04-88EB-625FBE52EBFB}</UniqueIdentifier>
      <Extensions>h;hh;hpp;hxx;hm;inl;inc;ipp;xsd</Extensions>
    </Filter>
    <Filter Include="File di risorse">
      <UniqueIdentifier>{67DA6AB6-F800-4c08-8B7A-83BB121AAD01}</UniqueIdentifier>
      <Extensions>rc;ico;cur;bmp;dlg;rc2;rct;bin;rgs;gif;jpg;jpeg;jpe;resx;tiff;tif;png;wav;mfcribbon-ms</Extensions>
    </Filter>
    <Filter Include="Shaders">
      <UniqueIdentifier>{846fb1e2-4a1e-4ce4-a1bf-eb4572e2ec91}</UniqueIdentifier>
    </Filter>
  </ItemGroup>
  <ItemGroup>
    <ClCompile Include="BlinnPhongModel.cpp">
      <Filter>File di origine</Filter>
    </ClCompile>
    <ClCompile Include="Camera.cpp">
      <Filter>File di origine</Filter>
    </ClCompile>
    <ClCompile Include="main.cpp">
      <Filter>File di origine</Filter>
    </ClCompile>
    <ClCompile Include="Mesh.cpp">
      <Filter>File di origine</Filter>
    </ClCompile>
    <ClCompile Include="Model.cpp">
      <Filter>File di origine</Filter>
    </ClCompile>
    <ClCompile Include="Physics.cpp">
      <Filter>File di origine</Filter>
    </ClCompile>
    <ClCompile Include="Shader.cpp">
      <Filter>File di origine</Filter>
    </ClCompile>
    <ClCompile Include="Skybox.cpp">
      <Filter>File di origine</Filter>
    </ClCompile>
    <ClCompile Include="CorridorScene.cpp">
      <Filter>File di origine</Filter>
    </ClCompile>
    <ClCompile Include="RenderQuad.cpp">
      <Filter>File di origine</Filter>
    </ClCompile>
  </ItemGroup>
  <ItemGroup>
    <ClInclude Include="BlinnPhongModel.h">
      <Filter>File di intestazione</Filter>
    </ClInclude>
    <ClInclude Include="include\Camera.h">
      <Filter>File di intestazione</Filter>
    </ClInclude>
    <ClInclude Include="LightingModel.h">
      <Filter>File di intestazione</Filter>
    </ClInclude>
    <ClInclude Include="include\Mesh.h">
      <Filter>File di intestazione</Filter>
    </ClInclude>
    <ClInclude Include="include\Model.h">
      <Filter>File di intestazione</Filter>
    </ClInclude>
    <ClInclude Include="Physics.h">
      <Filter>File di intestazione</Filter>
    </ClInclude>
    <ClInclude Include="include\Shader.h">
      <Filter>File di intestazione</Filter>
    </ClInclude>
    <ClInclude Include="include\Skybox.h">
      <Filter>File di intestazione</Filter>
    </ClInclude>
    <ClInclude Include="CorridorScene.h">
      <Filter>File di intestazione</Filter>
    </ClInclude>
    <ClInclude Include="Scene.h">
      <Filter>File di intestazione</Filter>
    </ClInclude>
    <ClInclude Include="RenderQuad.h">
      <Filter>File di intestazione</Filter>
    </ClInclude>
  </ItemGroup>
  <ItemGroup>
    <None Include="Shaders\fragment_lamp.glsl">
      <Filter>Shaders</Filter>
    </None>
    <None Include="Shaders\fragment_phong.glsl">
      <Filter>Shaders</Filter>
    </None>
    <None Include="Shaders\vertex_lamp.glsl">
      <Filter>Shaders</Filter>
    </None>
    <None Include="Shaders\vertex_phong.glsl">
      <Filter>Shaders</Filter>
    </None>
    <None Include="Shaders\vertex_skybox.glsl">
      <Filter>Shaders</Filter>
    </None>
    <None Include="Shaders\fragment_skybox.glsl">
      <Filter>Shaders</Filter>
    </None>
    <None Include="Shaders\vertex_hdr.glsl">
      <Filter>Shaders</Filter>
    </None>
    <None Include="Shaders\fragment_hdr.glsl">
      <Filter>Shaders</Filter>
    </None>
    <None Include="Shaders\fragment_blur.glsl">
      <Filter>Shaders</Filter>
    </None>
  </ItemGroup>
</Project>